
Microsoft Visual Studio Solution File, Format Version 12.00
# Visual Studio Version 16
VisualStudioVersion = 16.0.29424.173
MinimumVisualStudioVersion = 10.0.40219.1
Project("{FAE04EC0-301F-11D3-BF4B-00C04F79EFBC}") = "IfExersises", "IfExersises\IfExersises.csproj", "{E9F1789E-1AA4-4FD9-8CA6-BE4D1D4DC200}"
EndProject
Global
	GlobalSection(SolutionConfigurationPlatforms) = preSolution
		Debug|Any CPU = Debug|Any CPU
		Release|Any CPU = Release|Any CPU
	EndGlobalSection
	GlobalSection(ProjectConfigurationPlatforms) = postSolution
		{E9F1789E-1AA4-4FD9-8CA6-BE4D1D4DC200}.Debug|Any CPU.ActiveCfg = Debug|Any CPU
		{E9F1789E-1AA4-4FD9-8CA6-BE4D1D4DC200}.Debug|Any CPU.Build.0 = Debug|Any CPU
		{E9F1789E-1AA4-4FD9-8CA6-BE4D1D4DC200}.Release|Any CPU.ActiveCfg = Release|Any CPU
		{E9F1789E-1AA4-4FD9-8CA6-BE4D1D4DC200}.Release|Any CPU.Build.0 = Release|Any CPU
	EndGlobalSection
	GlobalSection(SolutionProperties) = preSolution
		HideSolutionNode = FALSE
	EndGlobalSection
	GlobalSection(ExtensibilityGlobals) = postSolution
		SolutionGuid = {0DBFFD50-47D6-4DD2-BE52-24FE3E0F857D}
	EndGlobalSection
EndGlobal
